// !$*UTF8*$!
{
	archiveVersion = 1;
	classes = {
	};
	objectVersion = 56;
	objects = {

/* Begin PBXBuildFile section */
		50A9B34329F1AF9E00EEBA09 /* RMService.swift in Sources */ = {isa = PBXBuildFile; fileRef = 50A9B34229F1AF9E00EEBA09 /* RMService.swift */; };
		50A9B34529F1AFB900EEBA09 /* RMRequest.swift in Sources */ = {isa = PBXBuildFile; fileRef = 50A9B34429F1AFB900EEBA09 /* RMRequest.swift */; };
		50A9B34729F1B0EF00EEBA09 /* RMEndpoint.swift in Sources */ = {isa = PBXBuildFile; fileRef = 50A9B34629F1B0EF00EEBA09 /* RMEndpoint.swift */; };
		50C0734129EC6184005BD6F3 /* AppDelegate.swift in Sources */ = {isa = PBXBuildFile; fileRef = 50C0734029EC6184005BD6F3 /* AppDelegate.swift */; };
		50C0734329EC6184005BD6F3 /* SceneDelegate.swift in Sources */ = {isa = PBXBuildFile; fileRef = 50C0734229EC6184005BD6F3 /* SceneDelegate.swift */; };
		50C0734529EC6184005BD6F3 /* RMTabBarController.swift in Sources */ = {isa = PBXBuildFile; fileRef = 50C0734429EC6184005BD6F3 /* RMTabBarController.swift */; };
		50C0734A29EC6185005BD6F3 /* Assets.xcassets in Resources */ = {isa = PBXBuildFile; fileRef = 50C0734929EC6185005BD6F3 /* Assets.xcassets */; };
		50C0734D29EC6185005BD6F3 /* LaunchScreen.storyboard in Resources */ = {isa = PBXBuildFile; fileRef = 50C0734B29EC6185005BD6F3 /* LaunchScreen.storyboard */; };
		50C0735C29EC65C3005BD6F3 /* RMLocation.swift in Sources */ = {isa = PBXBuildFile; fileRef = 50C0735B29EC65C3005BD6F3 /* RMLocation.swift */; };
		50C0735E29EC65DA005BD6F3 /* RMCharacter.swift in Sources */ = {isa = PBXBuildFile; fileRef = 50C0735D29EC65DA005BD6F3 /* RMCharacter.swift */; };
		50C0736029EC65E8005BD6F3 /* RMEpisode.swift in Sources */ = {isa = PBXBuildFile; fileRef = 50C0735F29EC65E8005BD6F3 /* RMEpisode.swift */; };
		50C0736329EC6810005BD6F3 /* RMCharacterViewController.swift in Sources */ = {isa = PBXBuildFile; fileRef = 50C0736229EC6810005BD6F3 /* RMCharacterViewController.swift */; };
		50C0736529EC6829005BD6F3 /* RMLocationViewController.swift in Sources */ = {isa = PBXBuildFile; fileRef = 50C0736429EC6829005BD6F3 /* RMLocationViewController.swift */; };
		50C0736729EC6837005BD6F3 /* RMEpisodeViewController.swift in Sources */ = {isa = PBXBuildFile; fileRef = 50C0736629EC6837005BD6F3 /* RMEpisodeViewController.swift */; };
		50C0736929EC6848005BD6F3 /* RMSettingsViewController.swift in Sources */ = {isa = PBXBuildFile; fileRef = 50C0736829EC6848005BD6F3 /* RMSettingsViewController.swift */; };
/* End PBXBuildFile section */

/* Begin PBXFileReference section */
		50A9B34229F1AF9E00EEBA09 /* RMService.swift */ = {isa = PBXFileReference; lastKnownFileType = sourcecode.swift; path = RMService.swift; sourceTree = "<group>"; };
		50A9B34429F1AFB900EEBA09 /* RMRequest.swift */ = {isa = PBXFileReference; lastKnownFileType = sourcecode.swift; path = RMRequest.swift; sourceTree = "<group>"; };
		50A9B34629F1B0EF00EEBA09 /* RMEndpoint.swift */ = {isa = PBXFileReference; lastKnownFileType = sourcecode.swift; path = RMEndpoint.swift; sourceTree = "<group>"; };
		50C0733D29EC6184005BD6F3 /* RickAndMorty.app */ = {isa = PBXFileReference; explicitFileType = wrapper.application; includeInIndex = 0; path = RickAndMorty.app; sourceTree = BUILT_PRODUCTS_DIR; };
		50C0734029EC6184005BD6F3 /* AppDelegate.swift */ = {isa = PBXFileReference; lastKnownFileType = sourcecode.swift; path = AppDelegate.swift; sourceTree = "<group>"; };
		50C0734229EC6184005BD6F3 /* SceneDelegate.swift */ = {isa = PBXFileReference; lastKnownFileType = sourcecode.swift; path = SceneDelegate.swift; sourceTree = "<group>"; };
		50C0734429EC6184005BD6F3 /* RMTabBarController.swift */ = {isa = PBXFileReference; lastKnownFileType = sourcecode.swift; path = RMTabBarController.swift; sourceTree = "<group>"; };
		50C0734929EC6185005BD6F3 /* Assets.xcassets */ = {isa = PBXFileReference; lastKnownFileType = folder.assetcatalog; path = Assets.xcassets; sourceTree = "<group>"; };
		50C0734C29EC6185005BD6F3 /* Base */ = {isa = PBXFileReference; lastKnownFileType = file.storyboard; name = Base; path = Base.lproj/LaunchScreen.storyboard; sourceTree = "<group>"; };
		50C0734E29EC6185005BD6F3 /* Info.plist */ = {isa = PBXFileReference; lastKnownFileType = text.plist.xml; path = Info.plist; sourceTree = "<group>"; };
		50C0735B29EC65C3005BD6F3 /* RMLocation.swift */ = {isa = PBXFileReference; lastKnownFileType = sourcecode.swift; path = RMLocation.swift; sourceTree = "<group>"; };
		50C0735D29EC65DA005BD6F3 /* RMCharacter.swift */ = {isa = PBXFileReference; lastKnownFileType = sourcecode.swift; path = RMCharacter.swift; sourceTree = "<group>"; };
		50C0735F29EC65E8005BD6F3 /* RMEpisode.swift */ = {isa = PBXFileReference; lastKnownFileType = sourcecode.swift; path = RMEpisode.swift; sourceTree = "<group>"; };
		50C0736229EC6810005BD6F3 /* RMCharacterViewController.swift */ = {isa = PBXFileReference; lastKnownFileType = sourcecode.swift; path = RMCharacterViewController.swift; sourceTree = "<group>"; };
		50C0736429EC6829005BD6F3 /* RMLocationViewController.swift */ = {isa = PBXFileReference; lastKnownFileType = sourcecode.swift; path = RMLocationViewController.swift; sourceTree = "<group>"; };
		50C0736629EC6837005BD6F3 /* RMEpisodeViewController.swift */ = {isa = PBXFileReference; lastKnownFileType = sourcecode.swift; path = RMEpisodeViewController.swift; sourceTree = "<group>"; };
		50C0736829EC6848005BD6F3 /* RMSettingsViewController.swift */ = {isa = PBXFileReference; lastKnownFileType = sourcecode.swift; path = RMSettingsViewController.swift; sourceTree = "<group>"; };
/* End PBXFileReference section */

/* Begin PBXFrameworksBuildPhase section */
		50C0733A29EC6184005BD6F3 /* Frameworks */ = {
			isa = PBXFrameworksBuildPhase;
			buildActionMask = 2147483647;
			files = (
			);
			runOnlyForDeploymentPostprocessing = 0;
		};
/* End PBXFrameworksBuildPhase section */

/* Begin PBXGroup section */
		50C0733429EC6184005BD6F3 = {
			isa = PBXGroup;
			children = (
				50C0733F29EC6184005BD6F3 /* RickAndMorty */,
				50C0733E29EC6184005BD6F3 /* Products */,
			);
			sourceTree = "<group>";
		};
		50C0733E29EC6184005BD6F3 /* Products */ = {
			isa = PBXGroup;
			children = (
				50C0733D29EC6184005BD6F3 /* RickAndMorty.app */,
			);
			name = Products;
			sourceTree = "<group>";
		};
		50C0733F29EC6184005BD6F3 /* RickAndMorty */ = {
			isa = PBXGroup;
			children = (
				50C0735A29EC64E1005BD6F3 /* Resources */,
				50C0735929EC64D1005BD6F3 /* Managers */,
				50C0735829EC64C0005BD6F3 /* APIClient */,
				50C0735729EC64B5005BD6F3 /* ViewModels */,
				50C0735629EC64B0005BD6F3 /* Views */,
				50C0735529EC64A9005BD6F3 /* Models */,
				50C0735429EC64A0005BD6F3 /* Controllers */,
				50C0734E29EC6185005BD6F3 /* Info.plist */,
			);
			path = RickAndMorty;
			sourceTree = "<group>";
		};
		50C0735429EC64A0005BD6F3 /* Controllers */ = {
			isa = PBXGroup;
			children = (
				50C0736129EC6662005BD6F3 /* Core */,
			);
			path = Controllers;
			sourceTree = "<group>";
		};
		50C0735529EC64A9005BD6F3 /* Models */ = {
			isa = PBXGroup;
			children = (
				50C0735B29EC65C3005BD6F3 /* RMLocation.swift */,
				50C0735D29EC65DA005BD6F3 /* RMCharacter.swift */,
				50C0735F29EC65E8005BD6F3 /* RMEpisode.swift */,
			);
			path = Models;
			sourceTree = "<group>";
		};
		50C0735629EC64B0005BD6F3 /* Views */ = {
			isa = PBXGroup;
			children = (
			);
			path = Views;
			sourceTree = "<group>";
		};
		50C0735729EC64B5005BD6F3 /* ViewModels */ = {
			isa = PBXGroup;
			children = (
			);
			path = ViewModels;
			sourceTree = "<group>";
		};
		50C0735829EC64C0005BD6F3 /* APIClient */ = {
			isa = PBXGroup;
			children = (
				50A9B34229F1AF9E00EEBA09 /* RMService.swift */,
				50A9B34429F1AFB900EEBA09 /* RMRequest.swift */,
				50A9B34629F1B0EF00EEBA09 /* RMEndpoint.swift */,
			);
			path = APIClient;
			sourceTree = "<group>";
		};
		50C0735929EC64D1005BD6F3 /* Managers */ = {
			isa = PBXGroup;
			children = (
			);
			path = Managers;
			sourceTree = "<group>";
		};
		50C0735A29EC64E1005BD6F3 /* Resources */ = {
			isa = PBXGroup;
			children = (
				50C0734029EC6184005BD6F3 /* AppDelegate.swift */,
				50C0734229EC6184005BD6F3 /* SceneDelegate.swift */,
				50C0734929EC6185005BD6F3 /* Assets.xcassets */,
				50C0734B29EC6185005BD6F3 /* LaunchScreen.storyboard */,
			);
			path = Resources;
			sourceTree = "<group>";
		};
		50C0736129EC6662005BD6F3 /* Core */ = {
			isa = PBXGroup;
			children = (
				50C0734429EC6184005BD6F3 /* RMTabBarController.swift */,
				50C0736229EC6810005BD6F3 /* RMCharacterViewController.swift */,
				50C0736429EC6829005BD6F3 /* RMLocationViewController.swift */,
				50C0736629EC6837005BD6F3 /* RMEpisodeViewController.swift */,
				50C0736829EC6848005BD6F3 /* RMSettingsViewController.swift */,
			);
			path = Core;
			sourceTree = "<group>";
		};
/* End PBXGroup section */

/* Begin PBXNativeTarget section */
		50C0733C29EC6184005BD6F3 /* RickAndMorty */ = {
			isa = PBXNativeTarget;
			buildConfigurationList = 50C0735129EC6185005BD6F3 /* Build configuration list for PBXNativeTarget "RickAndMorty" */;
			buildPhases = (
				50C0733929EC6184005BD6F3 /* Sources */,
				50C0733A29EC6184005BD6F3 /* Frameworks */,
				50C0733B29EC6184005BD6F3 /* Resources */,
			);
			buildRules = (
			);
			dependencies = (
			);
			name = RickAndMorty;
			productName = RickAndMorty;
			productReference = 50C0733D29EC6184005BD6F3 /* RickAndMorty.app */;
			productType = "com.apple.product-type.application";
		};
/* End PBXNativeTarget section */

/* Begin PBXProject section */
		50C0733529EC6184005BD6F3 /* Project object */ = {
			isa = PBXProject;
			attributes = {
				BuildIndependentTargetsInParallel = 1;
				LastSwiftUpdateCheck = 1420;
				LastUpgradeCheck = 1420;
				TargetAttributes = {
					50C0733C29EC6184005BD6F3 = {
						CreatedOnToolsVersion = 14.2;
					};
				};
			};
			buildConfigurationList = 50C0733829EC6184005BD6F3 /* Build configuration list for PBXProject "RickAndMorty" */;
			compatibilityVersion = "Xcode 14.0";
			developmentRegion = en;
			hasScannedForEncodings = 0;
			knownRegions = (
				en,
				Base,
			);
			mainGroup = 50C0733429EC6184005BD6F3;
			productRefGroup = 50C0733E29EC6184005BD6F3 /* Products */;
			projectDirPath = "";
			projectRoot = "";
			targets = (
				50C0733C29EC6184005BD6F3 /* RickAndMorty */,
			);
		};
/* End PBXProject section */

/* Begin PBXResourcesBuildPhase section */
		50C0733B29EC6184005BD6F3 /* Resources */ = {
			isa = PBXResourcesBuildPhase;
			buildActionMask = 2147483647;
			files = (
				50C0734D29EC6185005BD6F3 /* LaunchScreen.storyboard in Resources */,
				50C0734A29EC6185005BD6F3 /* Assets.xcassets in Resources */,
			);
			runOnlyForDeploymentPostprocessing = 0;
		};
/* End PBXResourcesBuildPhase section */

/* Begin PBXSourcesBuildPhase section */
		50C0733929EC6184005BD6F3 /* Sources */ = {
			isa = PBXSourcesBuildPhase;
			buildActionMask = 2147483647;
			files = (
				50C0736529EC6829005BD6F3 /* RMLocationViewController.swift in Sources */,
				50C0736029EC65E8005BD6F3 /* RMEpisode.swift in Sources */,
				50C0734529EC6184005BD6F3 /* RMTabBarController.swift in Sources */,
				50C0736729EC6837005BD6F3 /* RMEpisodeViewController.swift in Sources */,
				50C0734129EC6184005BD6F3 /* AppDelegate.swift in Sources */,
				50C0734329EC6184005BD6F3 /* SceneDelegate.swift in Sources */,
				50C0736929EC6848005BD6F3 /* RMSettingsViewController.swift in Sources */,
				50A9B34329F1AF9E00EEBA09 /* RMService.swift in Sources */,
				50C0735C29EC65C3005BD6F3 /* RMLocation.swift in Sources */,
				50A9B34729F1B0EF00EEBA09 /* RMEndpoint.swift in Sources */,
				50C0735E29EC65DA005BD6F3 /* RMCharacter.swift in Sources */,
				50A9B34529F1AFB900EEBA09 /* RMRequest.swift in Sources */,
				50C0736329EC6810005BD6F3 /* RMCharacterViewController.swift in Sources */,
			);
			runOnlyForDeploymentPostprocessing = 0;
		};
/* End PBXSourcesBuildPhase section */

/* Begin PBXVariantGroup section */
		50C0734B29EC6185005BD6F3 /* LaunchScreen.storyboard */ = {
			isa = PBXVariantGroup;
			children = (
				50C0734C29EC6185005BD6F3 /* Base */,
			);
			name = LaunchScreen.storyboard;
			sourceTree = "<group>";
		};
/* End PBXVariantGroup section */

/* Begin XCBuildConfiguration section */
		50C0734F29EC6185005BD6F3 /* Debug */ = {
			isa = XCBuildConfiguration;
			buildSettings = {
				ALWAYS_SEARCH_USER_PATHS = NO;
				CLANG_ANALYZER_NONNULL = YES;
				CLANG_ANALYZER_NUMBER_OBJECT_CONVERSION = YES_AGGRESSIVE;
				CLANG_CXX_LANGUAGE_STANDARD = "gnu++20";
				CLANG_ENABLE_MODULES = YES;
				CLANG_ENABLE_OBJC_ARC = YES;
				CLANG_ENABLE_OBJC_WEAK = YES;
				CLANG_WARN_BLOCK_CAPTURE_AUTORELEASING = YES;
				CLANG_WARN_BOOL_CONVERSION = YES;
				CLANG_WARN_COMMA = YES;
				CLANG_WARN_CONSTANT_CONVERSION = YES;
				CLANG_WARN_DEPRECATED_OBJC_IMPLEMENTATIONS = YES;
				CLANG_WARN_DIRECT_OBJC_ISA_USAGE = YES_ERROR;
				CLANG_WARN_DOCUMENTATION_COMMENTS = YES;
				CLANG_WARN_EMPTY_BODY = YES;
				CLANG_WARN_ENUM_CONVERSION = YES;
				CLANG_WARN_INFINITE_RECURSION = YES;
				CLANG_WARN_INT_CONVERSION = YES;
				CLANG_WARN_NON_LITERAL_NULL_CONVERSION = YES;
				CLANG_WARN_OBJC_IMPLICIT_RETAIN_SELF = YES;
				CLANG_WARN_OBJC_LITERAL_CONVERSION = YES;
				CLANG_WARN_OBJC_ROOT_CLASS = YES_ERROR;
				CLANG_WARN_QUOTED_INCLUDE_IN_FRAMEWORK_HEADER = YES;
				CLANG_WARN_RANGE_LOOP_ANALYSIS = YES;
				CLANG_WARN_STRICT_PROTOTYPES = YES;
				CLANG_WARN_SUSPICIOUS_MOVE = YES;
				CLANG_WARN_UNGUARDED_AVAILABILITY = YES_AGGRESSIVE;
				CLANG_WARN_UNREACHABLE_CODE = YES;
				CLANG_WARN__DUPLICATE_METHOD_MATCH = YES;
				COPY_PHASE_STRIP = NO;
				DEBUG_INFORMATION_FORMAT = dwarf;
				ENABLE_STRICT_OBJC_MSGSEND = YES;
				ENABLE_TESTABILITY = YES;
				GCC_C_LANGUAGE_STANDARD = gnu11;
				GCC_DYNAMIC_NO_PIC = NO;
				GCC_NO_COMMON_BLOCKS = YES;
				GCC_OPTIMIZATION_LEVEL = 0;
				GCC_PREPROCESSOR_DEFINITIONS = (
					"DEBUG=1",
					"$(inherited)",
				);
				GCC_WARN_64_TO_32_BIT_CONVERSION = YES;
				GCC_WARN_ABOUT_RETURN_TYPE = YES_ERROR;
				GCC_WARN_UNDECLARED_SELECTOR = YES;
				GCC_WARN_UNINITIALIZED_AUTOS = YES_AGGRESSIVE;
				GCC_WARN_UNUSED_FUNCTION = YES;
				GCC_WARN_UNUSED_VARIABLE = YES;
				IPHONEOS_DEPLOYMENT_TARGET = 16.2;
				MTL_ENABLE_DEBUG_INFO = INCLUDE_SOURCE;
				MTL_FAST_MATH = YES;
				ONLY_ACTIVE_ARCH = YES;
				SDKROOT = iphoneos;
				SWIFT_ACTIVE_COMPILATION_CONDITIONS = DEBUG;
				SWIFT_OPTIMIZATION_LEVEL = "-Onone";
			};
			name = Debug;
		};
		50C0735029EC6185005BD6F3 /* Release */ = {
			isa = XCBuildConfiguration;
			buildSettings = {
				ALWAYS_SEARCH_USER_PATHS = NO;
				CLANG_ANALYZER_NONNULL = YES;
				CLANG_ANALYZER_NUMBER_OBJECT_CONVERSION = YES_AGGRESSIVE;
				CLANG_CXX_LANGUAGE_STANDARD = "gnu++20";
				CLANG_ENABLE_MODULES = YES;
				CLANG_ENABLE_OBJC_ARC = YES;
				CLANG_ENABLE_OBJC_WEAK = YES;
				CLANG_WARN_BLOCK_CAPTURE_AUTORELEASING = YES;
				CLANG_WARN_BOOL_CONVERSION = YES;
				CLANG_WARN_COMMA = YES;
				CLANG_WARN_CONSTANT_CONVERSION = YES;
				CLANG_WARN_DEPRECATED_OBJC_IMPLEMENTATIONS = YES;
				CLANG_WARN_DIRECT_OBJC_ISA_USAGE = YES_ERROR;
				CLANG_WARN_DOCUMENTATION_COMMENTS = YES;
				CLANG_WARN_EMPTY_BODY = YES;
				CLANG_WARN_ENUM_CONVERSION = YES;
				CLANG_WARN_INFINITE_RECURSION = YES;
				CLANG_WARN_INT_CONVERSION = YES;
				CLANG_WARN_NON_LITERAL_NULL_CONVERSION = YES;
				CLANG_WARN_OBJC_IMPLICIT_RETAIN_SELF = YES;
				CLANG_WARN_OBJC_LITERAL_CONVERSION = YES;
				CLANG_WARN_OBJC_ROOT_CLASS = YES_ERROR;
				CLANG_WARN_QUOTED_INCLUDE_IN_FRAMEWORK_HEADER = YES;
				CLANG_WARN_RANGE_LOOP_ANALYSIS = YES;
				CLANG_WARN_STRICT_PROTOTYPES = YES;
				CLANG_WARN_SUSPICIOUS_MOVE = YES;
				CLANG_WARN_UNGUARDED_AVAILABILITY = YES_AGGRESSIVE;
				CLANG_WARN_UNREACHABLE_CODE = YES;
				CLANG_WARN__DUPLICATE_METHOD_MATCH = YES;
				COPY_PHASE_STRIP = NO;
				DEBUG_INFORMATION_FORMAT = "dwarf-with-dsym";
				ENABLE_NS_ASSERTIONS = NO;
				ENABLE_STRICT_OBJC_MSGSEND = YES;
				GCC_C_LANGUAGE_STANDARD = gnu11;
				GCC_NO_COMMON_BLOCKS = YES;
				GCC_WARN_64_TO_32_BIT_CONVERSION = YES;
				GCC_WARN_ABOUT_RETURN_TYPE = YES_ERROR;
				GCC_WARN_UNDECLARED_SELECTOR = YES;
				GCC_WARN_UNINITIALIZED_AUTOS = YES_AGGRESSIVE;
				GCC_WARN_UNUSED_FUNCTION = YES;
				GCC_WARN_UNUSED_VARIABLE = YES;
				IPHONEOS_DEPLOYMENT_TARGET = 16.2;
				MTL_ENABLE_DEBUG_INFO = NO;
				MTL_FAST_MATH = YES;
				SDKROOT = iphoneos;
				SWIFT_COMPILATION_MODE = wholemodule;
				SWIFT_OPTIMIZATION_LEVEL = "-O";
				VALIDATE_PRODUCT = YES;
			};
			name = Release;
		};
		50C0735229EC6185005BD6F3 /* Debug */ = {
			isa = XCBuildConfiguration;
			buildSettings = {
				ASSETCATALOG_COMPILER_APPICON_NAME = AppIcon;
				ASSETCATALOG_COMPILER_GLOBAL_ACCENT_COLOR_NAME = AccentColor;
				CODE_SIGN_STYLE = Automatic;
				CURRENT_PROJECT_VERSION = 1;
				DEVELOPMENT_TEAM = 8TS7WLVSBU;
				GENERATE_INFOPLIST_FILE = YES;
				INFOPLIST_FILE = RickAndMorty/Info.plist;
				INFOPLIST_KEY_UIApplicationSupportsIndirectInputEvents = YES;
				INFOPLIST_KEY_UILaunchStoryboardName = LaunchScreen;
				INFOPLIST_KEY_UIMainStoryboardFile = Main;
				INFOPLIST_KEY_UISupportedInterfaceOrientations_iPad = "UIInterfaceOrientationPortrait UIInterfaceOrientationPortraitUpsideDown UIInterfaceOrientationLandscapeLeft UIInterfaceOrientationLandscapeRight";
				INFOPLIST_KEY_UISupportedInterfaceOrientations_iPhone = "UIInterfaceOrientationPortrait UIInterfaceOrientationLandscapeLeft UIInterfaceOrientationLandscapeRight";
				LD_RUNPATH_SEARCH_PATHS = (
					"$(inherited)",
					"@executable_path/Frameworks",
				);
				MARKETING_VERSION = 1.0;
				PRODUCT_BUNDLE_IDENTIFIER = "Sergei-Smirnov.RickAndMorty";
				PRODUCT_NAME = "$(TARGET_NAME)";
				SWIFT_EMIT_LOC_STRINGS = YES;
				SWIFT_VERSION = 5.0;
				TARGETED_DEVICE_FAMILY = "1,2";
			};
			name = Debug;
		};
		50C0735329EC6185005BD6F3 /* Release */ = {
			isa = XCBuildConfiguration;
			buildSettings = {
				ASSETCATALOG_COMPILER_APPICON_NAME = AppIcon;
				ASSETCATALOG_COMPILER_GLOBAL_ACCENT_COLOR_NAME = AccentColor;
				CODE_SIGN_STYLE = Automatic;
				CURRENT_PROJECT_VERSION = 1;
				DEVELOPMENT_TEAM = 8TS7WLVSBU;
				GENERATE_INFOPLIST_FILE = YES;
				INFOPLIST_FILE = RickAndMorty/Info.plist;
				INFOPLIST_KEY_UIApplicationSupportsIndirectInputEvents = YES;
				INFOPLIST_KEY_UILaunchStoryboardName = LaunchScreen;
				INFOPLIST_KEY_UIMainStoryboardFile = Main;
				INFOPLIST_KEY_UISupportedInterfaceOrientations_iPad = "UIInterfaceOrientationPortrait UIInterfaceOrientationPortraitUpsideDown UIInterfaceOrientationLandscapeLeft UIInterfaceOrientationLandscapeRight";
				INFOPLIST_KEY_UISupportedInterfaceOrientations_iPhone = "UIInterfaceOrientationPortrait UIInterfaceOrientationLandscapeLeft UIInterfaceOrientationLandscapeRight";
				LD_RUNPATH_SEARCH_PATHS = (
					"$(inherited)",
					"@executable_path/Frameworks",
				);
				MARKETING_VERSION = 1.0;
				PRODUCT_BUNDLE_IDENTIFIER = "Sergei-Smirnov.RickAndMorty";
				PRODUCT_NAME = "$(TARGET_NAME)";
				SWIFT_EMIT_LOC_STRINGS = YES;
				SWIFT_VERSION = 5.0;
				TARGETED_DEVICE_FAMILY = "1,2";
			};
			name = Release;
		};
/* End XCBuildConfiguration section */

/* Begin XCConfigurationList section */
		50C0733829EC6184005BD6F3 /* Build configuration list for PBXProject "RickAndMorty" */ = {
			isa = XCConfigurationList;
			buildConfigurations = (
				50C0734F29EC6185005BD6F3 /* Debug */,
				50C0735029EC6185005BD6F3 /* Release */,
			);
			defaultConfigurationIsVisible = 0;
			defaultConfigurationName = Release;
		};
		50C0735129EC6185005BD6F3 /* Build configuration list for PBXNativeTarget "RickAndMorty" */ = {
			isa = XCConfigurationList;
			buildConfigurations = (
				50C0735229EC6185005BD6F3 /* Debug */,
				50C0735329EC6185005BD6F3 /* Release */,
			);
			defaultConfigurationIsVisible = 0;
			defaultConfigurationName = Release;
		};
/* End XCConfigurationList section */
	};
	rootObject = 50C0733529EC6184005BD6F3 /* Project object */;
}
